
Microsoft Visual Studio Solution File, Format Version 12.00
# Visual Studio Version 17
VisualStudioVersion = 17.9.34714.143
MinimumVisualStudioVersion = 10.0.40219.1
Project("{9A19103F-16F7-4668-BE54-9A1E7A4F7556}") = "Game_Dungeon", "Game_Dungeon\Game_Dungeon.csproj", "{74B974A6-4E30-4156-B4C6-DCE23A763E26}"
EndProject
Project("{9A19103F-16F7-4668-BE54-9A1E7A4F7556}") = "ConsoleApp1", "ConsoleApp1\ConsoleApp1.csproj", "{D18C4895-75EA-4DC0-923F-EE20F79B55DA}"
EndProject
Global
	GlobalSection(SolutionConfigurationPlatforms) = preSolution
		Debug|Any CPU = Debug|Any CPU
		Release|Any CPU = Release|Any CPU
	EndGlobalSection
	GlobalSection(ProjectConfigurationPlatforms) = postSolution
		{74B974A6-4E30-4156-B4C6-DCE23A763E26}.Debug|Any CPU.ActiveCfg = Debug|Any CPU
		{74B974A6-4E30-4156-B4C6-DCE23A763E26}.Debug|Any CPU.Build.0 = Debug|Any CPU
		{74B974A6-4E30-4156-B4C6-DCE23A763E26}.Release|Any CPU.ActiveCfg = Release|Any CPU
		{74B974A6-4E30-4156-B4C6-DCE23A763E26}.Release|Any CPU.Build.0 = Release|Any CPU
		{D18C4895-75EA-4DC0-923F-EE20F79B55DA}.Debug|Any CPU.ActiveCfg = Debug|Any CPU
		{D18C4895-75EA-4DC0-923F-EE20F79B55DA}.Debug|Any CPU.Build.0 = Debug|Any CPU
		{D18C4895-75EA-4DC0-923F-EE20F79B55DA}.Release|Any CPU.ActiveCfg = Release|Any CPU
		{D18C4895-75EA-4DC0-923F-EE20F79B55DA}.Release|Any CPU.Build.0 = Release|Any CPU
	EndGlobalSection
	GlobalSection(SolutionProperties) = preSolution
		HideSolutionNode = FALSE
	EndGlobalSection
	GlobalSection(ExtensibilityGlobals) = postSolution
		SolutionGuid = {24E023D4-5654-40D2-812E-94C02899F618}
	EndGlobalSection
EndGlobal
